
Microsoft Visual Studio Solution File, Format Version 12.00
# Visual Studio Version 16
VisualStudioVersion = 16.0.31624.102
MinimumVisualStudioVersion = 10.0.40219.1
Project("{FAE04EC0-301F-11D3-BF4B-00C04F79EFBC}") = "csharpLab4", "csharpLab4\csharpLab4.csproj", "{702C47E6-9ECA-4086-B439-E14FDD3F78A2}"
EndProject
Global
	GlobalSection(SolutionConfigurationPlatforms) = preSolution
		Debug|Any CPU = Debug|Any CPU
		Release|Any CPU = Release|Any CPU
	EndGlobalSection
	GlobalSection(ProjectConfigurationPlatforms) = postSolution
		{702C47E6-9ECA-4086-B439-E14FDD3F78A2}.Debug|Any CPU.ActiveCfg = Debug|Any CPU
		{702C47E6-9ECA-4086-B439-E14FDD3F78A2}.Debug|Any CPU.Build.0 = Debug|Any CPU
		{702C47E6-9ECA-4086-B439-E14FDD3F78A2}.Release|Any CPU.ActiveCfg = Release|Any CPU
		{702C47E6-9ECA-4086-B439-E14FDD3F78A2}.Release|Any CPU.Build.0 = Release|Any CPU
	EndGlobalSection
	GlobalSection(SolutionProperties) = preSolution
		HideSolutionNode = FALSE
	EndGlobalSection
	GlobalSection(ExtensibilityGlobals) = postSolution
		SolutionGuid = {03E1A9EF-50C9-40F4-A994-E3D81F5476BB}
	EndGlobalSection
EndGlobal
